
Microsoft Visual Studio Solution File, Format Version 12.00
# Visual Studio 14
VisualStudioVersion = 14.0.23107.0
MinimumVisualStudioVersion = 10.0.40219.1
Project("{FAE04EC0-301F-11D3-BF4B-00C04F79EFBC}") = "cgol2", "cgol2.csproj", "{8A14776A-096A-4682-AE06-F8B7828BA6C9}"
EndProject
Project("{FAE04EC0-301F-11D3-BF4B-00C04F79EFBC}") = "UnitTestProject", "..\UnitTestProject\UnitTestProject.csproj", "{0F074C33-C137-460A-8C14-A020988D1F16}"
EndProject
Global
	GlobalSection(SolutionConfigurationPlatforms) = preSolution
		Debug|Any CPU = Debug|Any CPU
		Release|Any CPU = Release|Any CPU
	EndGlobalSection
	GlobalSection(ProjectConfigurationPlatforms) = postSolution
		{8A14776A-096A-4682-AE06-F8B7828BA6C9}.Debug|Any CPU.ActiveCfg = Debug|Any CPU
		{8A14776A-096A-4682-AE06-F8B7828BA6C9}.Debug|Any CPU.Build.0 = Debug|Any CPU
		{8A14776A-096A-4682-AE06-F8B7828BA6C9}.Release|Any CPU.ActiveCfg = Release|Any CPU
		{8A14776A-096A-4682-AE06-F8B7828BA6C9}.Release|Any CPU.Build.0 = Release|Any CPU
		{0F074C33-C137-460A-8C14-A020988D1F16}.Debug|Any CPU.ActiveCfg = Debug|Any CPU
		{0F074C33-C137-460A-8C14-A020988D1F16}.Debug|Any CPU.Build.0 = Debug|Any CPU
		{0F074C33-C137-460A-8C14-A020988D1F16}.Release|Any CPU.ActiveCfg = Release|Any CPU
		{0F074C33-C137-460A-8C14-A020988D1F16}.Release|Any CPU.Build.0 = Release|Any CPU
	EndGlobalSection
	GlobalSection(SolutionProperties) = preSolution
		HideSolutionNode = FALSE
	EndGlobalSection
EndGlobal
