
Microsoft Visual Studio Solution File, Format Version 12.00
# Visual Studio 14
VisualStudioVersion = 14.0.23107.0
MinimumVisualStudioVersion = 10.0.40219.1
Project("{FAE04EC0-301F-11D3-BF4B-00C04F79EFBC}") = "ContosoSite", "ContosoSite\ContosoSite.csproj", "{A893EDDD-282B-4266-9793-052B629BACFC}"
EndProject
Global
	GlobalSection(SolutionConfigurationPlatforms) = preSolution
		Debug|Any CPU = Debug|Any CPU
		Release|Any CPU = Release|Any CPU
	EndGlobalSection
	GlobalSection(ProjectConfigurationPlatforms) = postSolution
		{A893EDDD-282B-4266-9793-052B629BACFC}.Debug|Any CPU.ActiveCfg = Debug|Any CPU
		{A893EDDD-282B-4266-9793-052B629BACFC}.Debug|Any CPU.Build.0 = Debug|Any CPU
		{A893EDDD-282B-4266-9793-052B629BACFC}.Release|Any CPU.ActiveCfg = Release|Any CPU
		{A893EDDD-282B-4266-9793-052B629BACFC}.Release|Any CPU.Build.0 = Release|Any CPU
	EndGlobalSection
	GlobalSection(SolutionProperties) = preSolution
		HideSolutionNode = FALSE
	EndGlobalSection
EndGlobal
