
Microsoft Visual Studio Solution File, Format Version 12.00
# Visual Studio 14
VisualStudioVersion = 14.0.23107.0
MinimumVisualStudioVersion = 10.0.40219.1
Project("{FAE04EC0-301F-11D3-BF4B-00C04F79EFBC}") = "cgol3", "cgol3.csproj", "{DC6E39BF-3E60-4805-9E71-6C0FE79C5044}"
EndProject
Project("{FAE04EC0-301F-11D3-BF4B-00C04F79EFBC}") = "UnitTestProject1", "..\UnitTestProject1\UnitTestProject1.csproj", "{8B2F337B-3418-4AEE-B502-C8375BE21C79}"
EndProject
Global
	GlobalSection(SolutionConfigurationPlatforms) = preSolution
		Debug|Any CPU = Debug|Any CPU
		Release|Any CPU = Release|Any CPU
	EndGlobalSection
	GlobalSection(ProjectConfigurationPlatforms) = postSolution
		{DC6E39BF-3E60-4805-9E71-6C0FE79C5044}.Debug|Any CPU.ActiveCfg = Debug|Any CPU
		{DC6E39BF-3E60-4805-9E71-6C0FE79C5044}.Debug|Any CPU.Build.0 = Debug|Any CPU
		{DC6E39BF-3E60-4805-9E71-6C0FE79C5044}.Release|Any CPU.ActiveCfg = Release|Any CPU
		{DC6E39BF-3E60-4805-9E71-6C0FE79C5044}.Release|Any CPU.Build.0 = Release|Any CPU
		{8B2F337B-3418-4AEE-B502-C8375BE21C79}.Debug|Any CPU.ActiveCfg = Debug|Any CPU
		{8B2F337B-3418-4AEE-B502-C8375BE21C79}.Debug|Any CPU.Build.0 = Debug|Any CPU
		{8B2F337B-3418-4AEE-B502-C8375BE21C79}.Release|Any CPU.ActiveCfg = Release|Any CPU
		{8B2F337B-3418-4AEE-B502-C8375BE21C79}.Release|Any CPU.Build.0 = Release|Any CPU
	EndGlobalSection
	GlobalSection(SolutionProperties) = preSolution
		HideSolutionNode = FALSE
	EndGlobalSection
EndGlobal
